// !$*UTF8*$!
{
	archiveVersion = 1;
	classes = {
	};
	objectVersion = 50;
	objects = {

/* Begin PBXBuildFile section */
		7C79B34026821C2300BBCB02 /* AppDelegate.swift in Sources */ = {isa = PBXBuildFile; fileRef = 7C79B33F26821C2300BBCB02 /* AppDelegate.swift */; };
		7C79B34226821C2300BBCB02 /* ViewController.swift in Sources */ = {isa = PBXBuildFile; fileRef = 7C79B34126821C2300BBCB02 /* ViewController.swift */; };
		7C79B34426821C2900BBCB02 /* Assets.xcassets in Resources */ = {isa = PBXBuildFile; fileRef = 7C79B34326821C2900BBCB02 /* Assets.xcassets */; };
		7C79B34726821C2900BBCB02 /* Main.storyboard in Resources */ = {isa = PBXBuildFile; fileRef = 7C79B34526821C2900BBCB02 /* Main.storyboard */; };
		7C9EDDEA2683EAEA00F9C339 /* DiabetesPredictionDT.mlmodel in Sources */ = {isa = PBXBuildFile; fileRef = 7C9EDDE72683EAEA00F9C339 /* DiabetesPredictionDT.mlmodel */; };
		7C9EDDEB2683EAEA00F9C339 /* DiabetesPredictionSVM.mlmodel in Sources */ = {isa = PBXBuildFile; fileRef = 7C9EDDE82683EAEA00F9C339 /* DiabetesPredictionSVM.mlmodel */; };
		7C9EDDEC2683EAEA00F9C339 /* DiabetesPredictionRF.mlmodel in Sources */ = {isa = PBXBuildFile; fileRef = 7C9EDDE92683EAEA00F9C339 /* DiabetesPredictionRF.mlmodel */; };
/* End PBXBuildFile section */

/* Begin PBXFileReference section */
		7C79B33C26821C2300BBCB02 /* Predicting Diabetes.app */ = {isa = PBXFileReference; explicitFileType = wrapper.application; includeInIndex = 0; path = "Predicting Diabetes.app"; sourceTree = BUILT_PRODUCTS_DIR; };
		7C79B33F26821C2300BBCB02 /* AppDelegate.swift */ = {isa = PBXFileReference; lastKnownFileType = sourcecode.swift; path = AppDelegate.swift; sourceTree = "<group>"; };
		7C79B34126821C2300BBCB02 /* ViewController.swift */ = {isa = PBXFileReference; lastKnownFileType = sourcecode.swift; path = ViewController.swift; sourceTree = "<group>"; };
		7C79B34326821C2900BBCB02 /* Assets.xcassets */ = {isa = PBXFileReference; lastKnownFileType = folder.assetcatalog; path = Assets.xcassets; sourceTree = "<group>"; };
		7C79B34626821C2900BBCB02 /* Base */ = {isa = PBXFileReference; lastKnownFileType = file.storyboard; name = Base; path = Base.lproj/Main.storyboard; sourceTree = "<group>"; };
		7C79B34826821C2900BBCB02 /* Info.plist */ = {isa = PBXFileReference; lastKnownFileType = text.plist.xml; path = Info.plist; sourceTree = "<group>"; };
		7C79B34926821C2900BBCB02 /* Predicting_Diabetes.entitlements */ = {isa = PBXFileReference; lastKnownFileType = text.plist.entitlements; path = Predicting_Diabetes.entitlements; sourceTree = "<group>"; };
		7C9EDDE72683EAEA00F9C339 /* DiabetesPredictionDT.mlmodel */ = {isa = PBXFileReference; lastKnownFileType = file.mlmodel; path = DiabetesPredictionDT.mlmodel; sourceTree = "<group>"; };
		7C9EDDE82683EAEA00F9C339 /* DiabetesPredictionSVM.mlmodel */ = {isa = PBXFileReference; lastKnownFileType = file.mlmodel; path = DiabetesPredictionSVM.mlmodel; sourceTree = "<group>"; };
		7C9EDDE92683EAEA00F9C339 /* DiabetesPredictionRF.mlmodel */ = {isa = PBXFileReference; lastKnownFileType = file.mlmodel; path = DiabetesPredictionRF.mlmodel; sourceTree = "<group>"; };
/* End PBXFileReference section */

/* Begin PBXFrameworksBuildPhase section */
		7C79B33926821C2300BBCB02 /* Frameworks */ = {
			isa = PBXFrameworksBuildPhase;
			buildActionMask = 2147483647;
			files = (
			);
			runOnlyForDeploymentPostprocessing = 0;
		};
/* End PBXFrameworksBuildPhase section */

/* Begin PBXGroup section */
		7C79B33326821C2300BBCB02 = {
			isa = PBXGroup;
			children = (
				7C79B33E26821C2300BBCB02 /* Predicting Diabetes */,
				7C79B33D26821C2300BBCB02 /* Products */,
			);
			sourceTree = "<group>";
		};
		7C79B33D26821C2300BBCB02 /* Products */ = {
			isa = PBXGroup;
			children = (
				7C79B33C26821C2300BBCB02 /* Predicting Diabetes.app */,
			);
			name = Products;
			sourceTree = "<group>";
		};
		7C79B33E26821C2300BBCB02 /* Predicting Diabetes */ = {
			isa = PBXGroup;
			children = (
				7C9EDDEE2683EAF100F9C339 /* Models */,
				7C79B33F26821C2300BBCB02 /* AppDelegate.swift */,
				7C79B34126821C2300BBCB02 /* ViewController.swift */,
				7C79B34326821C2900BBCB02 /* Assets.xcassets */,
				7C79B34526821C2900BBCB02 /* Main.storyboard */,
				7C79B34826821C2900BBCB02 /* Info.plist */,
				7C79B34926821C2900BBCB02 /* Predicting_Diabetes.entitlements */,
			);
			path = "Predicting Diabetes";
			sourceTree = "<group>";
		};
		7C9EDDEE2683EAF100F9C339 /* Models */ = {
			isa = PBXGroup;
			children = (
				7C9EDDE72683EAEA00F9C339 /* DiabetesPredictionDT.mlmodel */,
				7C9EDDE92683EAEA00F9C339 /* DiabetesPredictionRF.mlmodel */,
				7C9EDDE82683EAEA00F9C339 /* DiabetesPredictionSVM.mlmodel */,
			);
			path = Models;
			sourceTree = "<group>";
		};
/* End PBXGroup section */

/* Begin PBXNativeTarget section */
		7C79B33B26821C2300BBCB02 /* Predicting Diabetes */ = {
			isa = PBXNativeTarget;
			buildConfigurationList = 7C79B34C26821C2900BBCB02 /* Build configuration list for PBXNativeTarget "Predicting Diabetes" */;
			buildPhases = (
				7C79B33826821C2300BBCB02 /* Sources */,
				7C79B33926821C2300BBCB02 /* Frameworks */,
				7C79B33A26821C2300BBCB02 /* Resources */,
			);
			buildRules = (
			);
			dependencies = (
			);
			name = "Predicting Diabetes";
			productName = "Predicting Diabetes";
			productReference = 7C79B33C26821C2300BBCB02 /* Predicting Diabetes.app */;
			productType = "com.apple.product-type.application";
		};
/* End PBXNativeTarget section */

/* Begin PBXProject section */
		7C79B33426821C2300BBCB02 /* Project object */ = {
			isa = PBXProject;
			attributes = {
				LastSwiftUpdateCheck = 1240;
				LastUpgradeCheck = 1240;
				TargetAttributes = {
					7C79B33B26821C2300BBCB02 = {
						CreatedOnToolsVersion = 12.4;
					};
				};
			};
			buildConfigurationList = 7C79B33726821C2300BBCB02 /* Build configuration list for PBXProject "Predicting Diabetes" */;
			compatibilityVersion = "Xcode 9.3";
			developmentRegion = en;
			hasScannedForEncodings = 0;
			knownRegions = (
				en,
				Base,
			);
			mainGroup = 7C79B33326821C2300BBCB02;
			productRefGroup = 7C79B33D26821C2300BBCB02 /* Products */;
			projectDirPath = "";
			projectRoot = "";
			targets = (
				7C79B33B26821C2300BBCB02 /* Predicting Diabetes */,
			);
		};
/* End PBXProject section */

/* Begin PBXResourcesBuildPhase section */
		7C79B33A26821C2300BBCB02 /* Resources */ = {
			isa = PBXResourcesBuildPhase;
			buildActionMask = 2147483647;
			files = (
				7C79B34426821C2900BBCB02 /* Assets.xcassets in Resources */,
				7C79B34726821C2900BBCB02 /* Main.storyboard in Resources */,
			);
			runOnlyForDeploymentPostprocessing = 0;
		};
/* End PBXResourcesBuildPhase section */

/* Begin PBXSourcesBuildPhase section */
		7C79B33826821C2300BBCB02 /* Sources */ = {
			isa = PBXSourcesBuildPhase;
			buildActionMask = 2147483647;
			files = (
				7C79B34226821C2300BBCB02 /* ViewController.swift in Sources */,
				7C9EDDEB2683EAEA00F9C339 /* DiabetesPredictionSVM.mlmodel in Sources */,
				7C79B34026821C2300BBCB02 /* AppDelegate.swift in Sources */,
				7C9EDDEA2683EAEA00F9C339 /* DiabetesPredictionDT.mlmodel in Sources */,
				7C9EDDEC2683EAEA00F9C339 /* DiabetesPredictionRF.mlmodel in Sources */,
			);
			runOnlyForDeploymentPostprocessing = 0;
		};
/* End PBXSourcesBuildPhase section */

/* Begin PBXVariantGroup section */
		7C79B34526821C2900BBCB02 /* Main.storyboard */ = {
			isa = PBXVariantGroup;
			children = (
				7C79B34626821C2900BBCB02 /* Base */,
			);
			name = Main.storyboard;
			sourceTree = "<group>";
		};
/* End PBXVariantGroup section */

/* Begin XCBuildConfiguration section */
		7C79B34A26821C2900BBCB02 /* Debug */ = {
			isa = XCBuildConfiguration;
			buildSettings = {
				ALWAYS_SEARCH_USER_PATHS = NO;
				CLANG_ANALYZER_NONNULL = YES;
				CLANG_ANALYZER_NUMBER_OBJECT_CONVERSION = YES_AGGRESSIVE;
				CLANG_CXX_LANGUAGE_STANDARD = "gnu++14";
				CLANG_CXX_LIBRARY = "libc++";
				CLANG_ENABLE_MODULES = YES;
				CLANG_ENABLE_OBJC_ARC = YES;
				CLANG_ENABLE_OBJC_WEAK = YES;
				CLANG_WARN_BLOCK_CAPTURE_AUTORELEASING = YES;
				CLANG_WARN_BOOL_CONVERSION = YES;
				CLANG_WARN_COMMA = YES;
				CLANG_WARN_CONSTANT_CONVERSION = YES;
				CLANG_WARN_DEPRECATED_OBJC_IMPLEMENTATIONS = YES;
				CLANG_WARN_DIRECT_OBJC_ISA_USAGE = YES_ERROR;
				CLANG_WARN_DOCUMENTATION_COMMENTS = YES;
				CLANG_WARN_EMPTY_BODY = YES;
				CLANG_WARN_ENUM_CONVERSION = YES;
				CLANG_WARN_INFINITE_RECURSION = YES;
				CLANG_WARN_INT_CONVERSION = YES;
				CLANG_WARN_NON_LITERAL_NULL_CONVERSION = YES;
				CLANG_WARN_OBJC_IMPLICIT_RETAIN_SELF = YES;
				CLANG_WARN_OBJC_LITERAL_CONVERSION = YES;
				CLANG_WARN_OBJC_ROOT_CLASS = YES_ERROR;
				CLANG_WARN_QUOTED_INCLUDE_IN_FRAMEWORK_HEADER = YES;
				CLANG_WARN_RANGE_LOOP_ANALYSIS = YES;
				CLANG_WARN_STRICT_PROTOTYPES = YES;
				CLANG_WARN_SUSPICIOUS_MOVE = YES;
				CLANG_WARN_UNGUARDED_AVAILABILITY = YES_AGGRESSIVE;
				CLANG_WARN_UNREACHABLE_CODE = YES;
				CLANG_WARN__DUPLICATE_METHOD_MATCH = YES;
				COPY_PHASE_STRIP = NO;
				DEBUG_INFORMATION_FORMAT = dwarf;
				ENABLE_STRICT_OBJC_MSGSEND = YES;
				ENABLE_TESTABILITY = YES;
				GCC_C_LANGUAGE_STANDARD = gnu11;
				GCC_DYNAMIC_NO_PIC = NO;
				GCC_NO_COMMON_BLOCKS = YES;
				GCC_OPTIMIZATION_LEVEL = 0;
				GCC_PREPROCESSOR_DEFINITIONS = (
					"DEBUG=1",
					"$(inherited)",
				);
				GCC_WARN_64_TO_32_BIT_CONVERSION = YES;
				GCC_WARN_ABOUT_RETURN_TYPE = YES_ERROR;
				GCC_WARN_UNDECLARED_SELECTOR = YES;
				GCC_WARN_UNINITIALIZED_AUTOS = YES_AGGRESSIVE;
				GCC_WARN_UNUSED_FUNCTION = YES;
				GCC_WARN_UNUSED_VARIABLE = YES;
				MACOSX_DEPLOYMENT_TARGET = 11.1;
				MTL_ENABLE_DEBUG_INFO = INCLUDE_SOURCE;
				MTL_FAST_MATH = YES;
				ONLY_ACTIVE_ARCH = YES;
				SDKROOT = macosx;
				SWIFT_ACTIVE_COMPILATION_CONDITIONS = DEBUG;
				SWIFT_OPTIMIZATION_LEVEL = "-Onone";
			};
			name = Debug;
		};
		7C79B34B26821C2900BBCB02 /* Release */ = {
			isa = XCBuildConfiguration;
			buildSettings = {
				ALWAYS_SEARCH_USER_PATHS = NO;
				CLANG_ANALYZER_NONNULL = YES;
				CLANG_ANALYZER_NUMBER_OBJECT_CONVERSION = YES_AGGRESSIVE;
				CLANG_CXX_LANGUAGE_STANDARD = "gnu++14";
				CLANG_CXX_LIBRARY = "libc++";
				CLANG_ENABLE_MODULES = YES;
				CLANG_ENABLE_OBJC_ARC = YES;
				CLANG_ENABLE_OBJC_WEAK = YES;
				CLANG_WARN_BLOCK_CAPTURE_AUTORELEASING = YES;
				CLANG_WARN_BOOL_CONVERSION = YES;
				CLANG_WARN_COMMA = YES;
				CLANG_WARN_CONSTANT_CONVERSION = YES;
				CLANG_WARN_DEPRECATED_OBJC_IMPLEMENTATIONS = YES;
				CLANG_WARN_DIRECT_OBJC_ISA_USAGE = YES_ERROR;
				CLANG_WARN_DOCUMENTATION_COMMENTS = YES;
				CLANG_WARN_EMPTY_BODY = YES;
				CLANG_WARN_ENUM_CONVERSION = YES;
				CLANG_WARN_INFINITE_RECURSION = YES;
				CLANG_WARN_INT_CONVERSION = YES;
				CLANG_WARN_NON_LITERAL_NULL_CONVERSION = YES;
				CLANG_WARN_OBJC_IMPLICIT_RETAIN_SELF = YES;
				CLANG_WARN_OBJC_LITERAL_CONVERSION = YES;
				CLANG_WARN_OBJC_ROOT_CLASS = YES_ERROR;
				CLANG_WARN_QUOTED_INCLUDE_IN_FRAMEWORK_HEADER = YES;
				CLANG_WARN_RANGE_LOOP_ANALYSIS = YES;
				CLANG_WARN_STRICT_PROTOTYPES = YES;
				CLANG_WARN_SUSPICIOUS_MOVE = YES;
				CLANG_WARN_UNGUARDED_AVAILABILITY = YES_AGGRESSIVE;
				CLANG_WARN_UNREACHABLE_CODE = YES;
				CLANG_WARN__DUPLICATE_METHOD_MATCH = YES;
				COPY_PHASE_STRIP = NO;
				DEBUG_INFORMATION_FORMAT = "dwarf-with-dsym";
				ENABLE_NS_ASSERTIONS = NO;
				ENABLE_STRICT_OBJC_MSGSEND = YES;
				GCC_C_LANGUAGE_STANDARD = gnu11;
				GCC_NO_COMMON_BLOCKS = YES;
				GCC_WARN_64_TO_32_BIT_CONVERSION = YES;
				GCC_WARN_ABOUT_RETURN_TYPE = YES_ERROR;
				GCC_WARN_UNDECLARED_SELECTOR = YES;
				GCC_WARN_UNINITIALIZED_AUTOS = YES_AGGRESSIVE;
				GCC_WARN_UNUSED_FUNCTION = YES;
				GCC_WARN_UNUSED_VARIABLE = YES;
				MACOSX_DEPLOYMENT_TARGET = 11.1;
				MTL_ENABLE_DEBUG_INFO = NO;
				MTL_FAST_MATH = YES;
				SDKROOT = macosx;
				SWIFT_COMPILATION_MODE = wholemodule;
				SWIFT_OPTIMIZATION_LEVEL = "-O";
			};
			name = Release;
		};
		7C79B34D26821C2900BBCB02 /* Debug */ = {
			isa = XCBuildConfiguration;
			buildSettings = {
				ASSETCATALOG_COMPILER_APPICON_NAME = AppIcon;
				ASSETCATALOG_COMPILER_GLOBAL_ACCENT_COLOR_NAME = AccentColor;
				CODE_SIGN_ENTITLEMENTS = "Predicting Diabetes/Predicting_Diabetes.entitlements";
				CODE_SIGN_STYLE = Automatic;
				COMBINE_HIDPI_IMAGES = YES;
				DEVELOPMENT_TEAM = Y8HUNAB446;
				ENABLE_HARDENED_RUNTIME = YES;
				INFOPLIST_FILE = "Predicting Diabetes/Info.plist";
				LD_RUNPATH_SEARCH_PATHS = (
					"$(inherited)",
					"@executable_path/../Frameworks",
				);
				PRODUCT_BUNDLE_IDENTIFIER = "ADA.Predicting-Diabetes";
				PRODUCT_NAME = "$(TARGET_NAME)";
				SWIFT_VERSION = 5.0;
			};
			name = Debug;
		};
		7C79B34E26821C2900BBCB02 /* Release */ = {
			isa = XCBuildConfiguration;
			buildSettings = {
				ASSETCATALOG_COMPILER_APPICON_NAME = AppIcon;
				ASSETCATALOG_COMPILER_GLOBAL_ACCENT_COLOR_NAME = AccentColor;
				CODE_SIGN_ENTITLEMENTS = "Predicting Diabetes/Predicting_Diabetes.entitlements";
				CODE_SIGN_STYLE = Automatic;
				COMBINE_HIDPI_IMAGES = YES;
				DEVELOPMENT_TEAM = Y8HUNAB446;
				ENABLE_HARDENED_RUNTIME = YES;
				INFOPLIST_FILE = "Predicting Diabetes/Info.plist";
				LD_RUNPATH_SEARCH_PATHS = (
					"$(inherited)",
					"@executable_path/../Frameworks",
				);
				PRODUCT_BUNDLE_IDENTIFIER = "ADA.Predicting-Diabetes";
				PRODUCT_NAME = "$(TARGET_NAME)";
				SWIFT_VERSION = 5.0;
			};
			name = Release;
		};
/* End XCBuildConfiguration section */

/* Begin XCConfigurationList section */
		7C79B33726821C2300BBCB02 /* Build configuration list for PBXProject "Predicting Diabetes" */ = {
			isa = XCConfigurationList;
			buildConfigurations = (
				7C79B34A26821C2900BBCB02 /* Debug */,
				7C79B34B26821C2900BBCB02 /* Release */,
			);
			defaultConfigurationIsVisible = 0;
			defaultConfigurationName = Release;
		};
		7C79B34C26821C2900BBCB02 /* Build configuration list for PBXNativeTarget "Predicting Diabetes" */ = {
			isa = XCConfigurationList;
			buildConfigurations = (
				7C79B34D26821C2900BBCB02 /* Debug */,
				7C79B34E26821C2900BBCB02 /* Release */,
			);
			defaultConfigurationIsVisible = 0;
			defaultConfigurationName = Release;
		};
/* End XCConfigurationList section */
	};
	rootObject = 7C79B33426821C2300BBCB02 /* Project object */;
}
